
Microsoft Visual Studio Solution File, Format Version 12.00
# Visual Studio Version 17
VisualStudioVersion = 17.7.34009.444
MinimumVisualStudioVersion = 10.0.40219.1
Project("{8BC9CEB8-8B4A-11D0-8D11-00A0C91BC942}") = "MFCTest02", "MFCTest02\MFCTest02.vcxproj", "{2F06EBA6-3089-48C1-A873-578C4D7FA3C7}"
EndProject
Project("{8BC9CEB8-8B4A-11D0-8D11-00A0C91BC942}") = "mfcMemo", "mfcMemo\mfcMemo.vcxproj", "{EECB08C8-72EB-494B-9AE5-98812513DB01}"
EndProject
Global
	GlobalSection(SolutionConfigurationPlatforms) = preSolution
		Debug|x64 = Debug|x64
		Debug|x86 = Debug|x86
		Release|x64 = Release|x64
		Release|x86 = Release|x86
	EndGlobalSection
	GlobalSection(ProjectConfigurationPlatforms) = postSolution
		{2F06EBA6-3089-48C1-A873-578C4D7FA3C7}.Debug|x64.ActiveCfg = Debug|x64
		{2F06EBA6-3089-48C1-A873-578C4D7FA3C7}.Debug|x64.Build.0 = Debug|x64
		{2F06EBA6-3089-48C1-A873-578C4D7FA3C7}.Debug|x86.ActiveCfg = Debug|Win32
		{2F06EBA6-3089-48C1-A873-578C4D7FA3C7}.Debug|x86.Build.0 = Debug|Win32
		{2F06EBA6-3089-48C1-A873-578C4D7FA3C7}.Release|x64.ActiveCfg = Release|x64
		{2F06EBA6-3089-48C1-A873-578C4D7FA3C7}.Release|x64.Build.0 = Release|x64
		{2F06EBA6-3089-48C1-A873-578C4D7FA3C7}.Release|x86.ActiveCfg = Release|Win32
		{2F06EBA6-3089-48C1-A873-578C4D7FA3C7}.Release|x86.Build.0 = Release|Win32
		{EECB08C8-72EB-494B-9AE5-98812513DB01}.Debug|x64.ActiveCfg = Debug|x64
		{EECB08C8-72EB-494B-9AE5-98812513DB01}.Debug|x64.Build.0 = Debug|x64
		{EECB08C8-72EB-494B-9AE5-98812513DB01}.Debug|x86.ActiveCfg = Debug|Win32
		{EECB08C8-72EB-494B-9AE5-98812513DB01}.Debug|x86.Build.0 = Debug|Win32
		{EECB08C8-72EB-494B-9AE5-98812513DB01}.Release|x64.ActiveCfg = Release|x64
		{EECB08C8-72EB-494B-9AE5-98812513DB01}.Release|x64.Build.0 = Release|x64
		{EECB08C8-72EB-494B-9AE5-98812513DB01}.Release|x86.ActiveCfg = Release|Win32
		{EECB08C8-72EB-494B-9AE5-98812513DB01}.Release|x86.Build.0 = Release|Win32
	EndGlobalSection
	GlobalSection(SolutionProperties) = preSolution
		HideSolutionNode = FALSE
	EndGlobalSection
	GlobalSection(ExtensibilityGlobals) = postSolution
		SolutionGuid = {C4D4D051-C8F0-4016-9BD2-CF8E7EDCDB85}
	EndGlobalSection
EndGlobal
