
Microsoft Visual Studio Solution File, Format Version 12.00
# Visual Studio Version 17
VisualStudioVersion = 17.5.33424.131
MinimumVisualStudioVersion = 10.0.40219.1
Project("{8BC9CEB8-8B4A-11D0-8D11-00A0C91BC942}") = "[String_Class]_Prj", "Array_Prj.vcxproj", "{EFFFFACA-1CE5-4F56-919C-8C6C5F09759D}"
EndProject
Project("{8BC9CEB8-8B4A-11D0-8D11-00A0C91BC942}") = "[Shape_Class]_Prj", "..\[Shape_Class]_Prj\[Shape_Class]_Prj.vcxproj", "{4C1D5F06-4AF0-4B77-8E98-7A91335B50D4}"
EndProject
Project("{8BC9CEB8-8B4A-11D0-8D11-00A0C91BC942}") = "[ArrayPlusAvg]_Prj", "..\[ArrayPlusAvg]_Prj\[ArrayPlusAvg]_Prj.vcxproj", "{9434A1CA-B12D-4947-883D-E64DE15C8CD2}"
EndProject
Project("{8BC9CEB8-8B4A-11D0-8D11-00A0C91BC942}") = "[Template_MAX]_Prj", "..\[Template_MAX]_Prj\[Template_MAX]_Prj.vcxproj", "{1235A500-170F-491B-9402-32875C7D79CB}"
EndProject
Project("{8BC9CEB8-8B4A-11D0-8D11-00A0C91BC942}") = "[Management_Staff]_Prj", "..\[Management_Staff]_Prj\[Management_Staff]_Prj.vcxproj", "{FBA2D52B-CF64-488D-8D33-60C80D61AE5C}"
EndProject
Global
	GlobalSection(SolutionConfigurationPlatforms) = preSolution
		Debug|x64 = Debug|x64
		Debug|x86 = Debug|x86
		Release|x64 = Release|x64
		Release|x86 = Release|x86
	EndGlobalSection
	GlobalSection(ProjectConfigurationPlatforms) = postSolution
		{EFFFFACA-1CE5-4F56-919C-8C6C5F09759D}.Debug|x64.ActiveCfg = Debug|x64
		{EFFFFACA-1CE5-4F56-919C-8C6C5F09759D}.Debug|x64.Build.0 = Debug|x64
		{EFFFFACA-1CE5-4F56-919C-8C6C5F09759D}.Debug|x86.ActiveCfg = Debug|Win32
		{EFFFFACA-1CE5-4F56-919C-8C6C5F09759D}.Debug|x86.Build.0 = Debug|Win32
		{EFFFFACA-1CE5-4F56-919C-8C6C5F09759D}.Release|x64.ActiveCfg = Release|x64
		{EFFFFACA-1CE5-4F56-919C-8C6C5F09759D}.Release|x64.Build.0 = Release|x64
		{EFFFFACA-1CE5-4F56-919C-8C6C5F09759D}.Release|x86.ActiveCfg = Release|Win32
		{EFFFFACA-1CE5-4F56-919C-8C6C5F09759D}.Release|x86.Build.0 = Release|Win32
		{4C1D5F06-4AF0-4B77-8E98-7A91335B50D4}.Debug|x64.ActiveCfg = Debug|x64
		{4C1D5F06-4AF0-4B77-8E98-7A91335B50D4}.Debug|x64.Build.0 = Debug|x64
		{4C1D5F06-4AF0-4B77-8E98-7A91335B50D4}.Debug|x86.ActiveCfg = Debug|Win32
		{4C1D5F06-4AF0-4B77-8E98-7A91335B50D4}.Debug|x86.Build.0 = Debug|Win32
		{4C1D5F06-4AF0-4B77-8E98-7A91335B50D4}.Release|x64.ActiveCfg = Release|x64
		{4C1D5F06-4AF0-4B77-8E98-7A91335B50D4}.Release|x64.Build.0 = Release|x64
		{4C1D5F06-4AF0-4B77-8E98-7A91335B50D4}.Release|x86.ActiveCfg = Release|Win32
		{4C1D5F06-4AF0-4B77-8E98-7A91335B50D4}.Release|x86.Build.0 = Release|Win32
		{9434A1CA-B12D-4947-883D-E64DE15C8CD2}.Debug|x64.ActiveCfg = Debug|x64
		{9434A1CA-B12D-4947-883D-E64DE15C8CD2}.Debug|x64.Build.0 = Debug|x64
		{9434A1CA-B12D-4947-883D-E64DE15C8CD2}.Debug|x86.ActiveCfg = Debug|Win32
		{9434A1CA-B12D-4947-883D-E64DE15C8CD2}.Debug|x86.Build.0 = Debug|Win32
		{9434A1CA-B12D-4947-883D-E64DE15C8CD2}.Release|x64.ActiveCfg = Release|x64
		{9434A1CA-B12D-4947-883D-E64DE15C8CD2}.Release|x64.Build.0 = Release|x64
		{9434A1CA-B12D-4947-883D-E64DE15C8CD2}.Release|x86.ActiveCfg = Release|Win32
		{9434A1CA-B12D-4947-883D-E64DE15C8CD2}.Release|x86.Build.0 = Release|Win32
		{1235A500-170F-491B-9402-32875C7D79CB}.Debug|x64.ActiveCfg = Debug|x64
		{1235A500-170F-491B-9402-32875C7D79CB}.Debug|x64.Build.0 = Debug|x64
		{1235A500-170F-491B-9402-32875C7D79CB}.Debug|x86.ActiveCfg = Debug|Win32
		{1235A500-170F-491B-9402-32875C7D79CB}.Debug|x86.Build.0 = Debug|Win32
		{1235A500-170F-491B-9402-32875C7D79CB}.Release|x64.ActiveCfg = Release|x64
		{1235A500-170F-491B-9402-32875C7D79CB}.Release|x64.Build.0 = Release|x64
		{1235A500-170F-491B-9402-32875C7D79CB}.Release|x86.ActiveCfg = Release|Win32
		{1235A500-170F-491B-9402-32875C7D79CB}.Release|x86.Build.0 = Release|Win32
		{FBA2D52B-CF64-488D-8D33-60C80D61AE5C}.Debug|x64.ActiveCfg = Debug|x64
		{FBA2D52B-CF64-488D-8D33-60C80D61AE5C}.Debug|x64.Build.0 = Debug|x64
		{FBA2D52B-CF64-488D-8D33-60C80D61AE5C}.Debug|x86.ActiveCfg = Debug|Win32
		{FBA2D52B-CF64-488D-8D33-60C80D61AE5C}.Debug|x86.Build.0 = Debug|Win32
		{FBA2D52B-CF64-488D-8D33-60C80D61AE5C}.Release|x64.ActiveCfg = Release|x64
		{FBA2D52B-CF64-488D-8D33-60C80D61AE5C}.Release|x64.Build.0 = Release|x64
		{FBA2D52B-CF64-488D-8D33-60C80D61AE5C}.Release|x86.ActiveCfg = Release|Win32
		{FBA2D52B-CF64-488D-8D33-60C80D61AE5C}.Release|x86.Build.0 = Release|Win32
	EndGlobalSection
	GlobalSection(SolutionProperties) = preSolution
		HideSolutionNode = FALSE
	EndGlobalSection
	GlobalSection(ExtensibilityGlobals) = postSolution
		SolutionGuid = {F35D527F-AE8E-4527-9F02-CC0D678E88E5}
	EndGlobalSection
EndGlobal
